// !$*UTF8*$!
{
	archiveVersion = 1;
	classes = {
	};
	objectVersion = 46;
	objects = {

/* Begin PBXBuildFile section */
		9700000E18804EF700F9BC64 /* UZKCollectionTextReusableView.m in Sources */ = {isa = PBXBuildFile; fileRef = 9700000D18804EF700F9BC64 /* UZKCollectionTextReusableView.m */; };
		970000121880528600F9BC64 /* UZKWebDSNoResultsCollectionCell.xib in Resources */ = {isa = PBXBuildFile; fileRef = 970000111880528600F9BC64 /* UZKWebDSNoResultsCollectionCell.xib */; };
		970000211880754700F9BC64 /* UICollectionViewCell+CustomObject.m in Sources */ = {isa = PBXBuildFile; fileRef = 970000141880754700F9BC64 /* UICollectionViewCell+CustomObject.m */; };
		970000221880754700F9BC64 /* UITableViewCell+CustomObject.m in Sources */ = {isa = PBXBuildFile; fileRef = 970000161880754700F9BC64 /* UITableViewCell+CustomObject.m */; };
		970000231880754700F9BC64 /* UZKCompositeDS.m in Sources */ = {isa = PBXBuildFile; fileRef = 970000181880754700F9BC64 /* UZKCompositeDS.m */; };
		970000241880754700F9BC64 /* UZKContextManager.m in Sources */ = {isa = PBXBuildFile; fileRef = 9700001A1880754700F9BC64 /* UZKContextManager.m */; };
		970000251880754700F9BC64 /* UZKCoreDataDS.m in Sources */ = {isa = PBXBuildFile; fileRef = 9700001C1880754700F9BC64 /* UZKCoreDataDS.m */; };
		970000261880754700F9BC64 /* UZKWebDS.m in Sources */ = {isa = PBXBuildFile; fileRef = 9700001E1880754700F9BC64 /* UZKWebDS.m */; };
		970000271880754700F9BC64 /* UZKWebDSLoadMoreCollectionCell.xib in Resources */ = {isa = PBXBuildFile; fileRef = 970000201880754700F9BC64 /* UZKWebDSLoadMoreCollectionCell.xib */; };
		9700002918807A7400F9BC64 /* UZKDataSources.podspec in Resources */ = {isa = PBXBuildFile; fileRef = 9700002818807A7400F9BC64 /* UZKDataSources.podspec */; };
		9700FFC218804CA100F9BC64 /* Foundation.framework in Frameworks */ = {isa = PBXBuildFile; fileRef = 9700FFC118804CA100F9BC64 /* Foundation.framework */; };
		9700FFC418804CA100F9BC64 /* CoreGraphics.framework in Frameworks */ = {isa = PBXBuildFile; fileRef = 9700FFC318804CA100F9BC64 /* CoreGraphics.framework */; };
		9700FFC618804CA100F9BC64 /* UIKit.framework in Frameworks */ = {isa = PBXBuildFile; fileRef = 9700FFC518804CA100F9BC64 /* UIKit.framework */; };
		9700FFCC18804CA100F9BC64 /* InfoPlist.strings in Resources */ = {isa = PBXBuildFile; fileRef = 9700FFCA18804CA100F9BC64 /* InfoPlist.strings */; };
		9700FFCE18804CA100F9BC64 /* main.m in Sources */ = {isa = PBXBuildFile; fileRef = 9700FFCD18804CA100F9BC64 /* main.m */; };
		9700FFD218804CA100F9BC64 /* UZKAppDelegate.m in Sources */ = {isa = PBXBuildFile; fileRef = 9700FFD118804CA100F9BC64 /* UZKAppDelegate.m */; };
		9700FFD518804CA100F9BC64 /* Main.storyboard in Resources */ = {isa = PBXBuildFile; fileRef = 9700FFD318804CA100F9BC64 /* Main.storyboard */; };
		9700FFD818804CA100F9BC64 /* UZKViewController.m in Sources */ = {isa = PBXBuildFile; fileRef = 9700FFD718804CA100F9BC64 /* UZKViewController.m */; };
		9700FFDA18804CA100F9BC64 /* Images.xcassets in Resources */ = {isa = PBXBuildFile; fileRef = 9700FFD918804CA100F9BC64 /* Images.xcassets */; };
		9700FFE118804CA100F9BC64 /* XCTest.framework in Frameworks */ = {isa = PBXBuildFile; fileRef = 9700FFE018804CA100F9BC64 /* XCTest.framework */; };
		9700FFE218804CA100F9BC64 /* Foundation.framework in Frameworks */ = {isa = PBXBuildFile; fileRef = 9700FFC118804CA100F9BC64 /* Foundation.framework */; };
		9700FFE318804CA100F9BC64 /* UIKit.framework in Frameworks */ = {isa = PBXBuildFile; fileRef = 9700FFC518804CA100F9BC64 /* UIKit.framework */; };
		9700FFEB18804CA100F9BC64 /* InfoPlist.strings in Resources */ = {isa = PBXBuildFile; fileRef = 9700FFE918804CA100F9BC64 /* InfoPlist.strings */; };
		9700FFED18804CA100F9BC64 /* UZKDataSourcesTests.m in Sources */ = {isa = PBXBuildFile; fileRef = 9700FFEC18804CA100F9BC64 /* UZKDataSourcesTests.m */; };
		97AAEF96188F0379005FC7D9 /* UZKWebDSLoadMoreTableCell.xib in Resources */ = {isa = PBXBuildFile; fileRef = 97AAEF94188F0379005FC7D9 /* UZKWebDSLoadMoreTableCell.xib */; };
		97AAEF99188F03F0005FC7D9 /* UZKWebDSNoResultsTableCell.xib in Resources */ = {isa = PBXBuildFile; fileRef = 97AAEF98188F03F0005FC7D9 /* UZKWebDSNoResultsTableCell.xib */; };
		97AAEFA31896D556005FC7D9 /* UZKSingleSectionedWebDS.m in Sources */ = {isa = PBXBuildFile; fileRef = 97AAEFA21896D556005FC7D9 /* UZKSingleSectionedWebDS.m */; };
/* End PBXBuildFile section */

/* Begin PBXContainerItemProxy section */
		9700FFE418804CA100F9BC64 /* PBXContainerItemProxy */ = {
			isa = PBXContainerItemProxy;
			containerPortal = 9700FFB618804CA100F9BC64 /* Project object */;
			proxyType = 1;
			remoteGlobalIDString = 9700FFBD18804CA100F9BC64;
			remoteInfo = UZKDataSources;
		};
/* End PBXContainerItemProxy section */

/* Begin PBXFileReference section */
		9700000C18804EF700F9BC64 /* UZKCollectionTextReusableView.h */ = {isa = PBXFileReference; fileEncoding = 4; lastKnownFileType = sourcecode.c.h; name = UZKCollectionTextReusableView.h; path = PodContent/UZKCollectionTextReusableView.h; sourceTree = SOURCE_ROOT; };
		9700000D18804EF700F9BC64 /* UZKCollectionTextReusableView.m */ = {isa = PBXFileReference; fileEncoding = 4; lastKnownFileType = sourcecode.c.objc; name = UZKCollectionTextReusableView.m; path = PodContent/UZKCollectionTextReusableView.m; sourceTree = SOURCE_ROOT; };
		970000111880528600F9BC64 /* UZKWebDSNoResultsCollectionCell.xib */ = {isa = PBXFileReference; fileEncoding = 4; lastKnownFileType = file.xib; name = UZKWebDSNoResultsCollectionCell.xib; path = PodContent/UZKWebDSNoResultsCollectionCell.xib; sourceTree = SOURCE_ROOT; };
		970000131880754700F9BC64 /* UICollectionViewCell+CustomObject.h */ = {isa = PBXFileReference; fileEncoding = 4; lastKnownFileType = sourcecode.c.h; name = "UICollectionViewCell+CustomObject.h"; path = "PodContent/UICollectionViewCell+CustomObject.h"; sourceTree = SOURCE_ROOT; };
		970000141880754700F9BC64 /* UICollectionViewCell+CustomObject.m */ = {isa = PBXFileReference; fileEncoding = 4; lastKnownFileType = sourcecode.c.objc; name = "UICollectionViewCell+CustomObject.m"; path = "PodContent/UICollectionViewCell+CustomObject.m"; sourceTree = SOURCE_ROOT; };
		970000151880754700F9BC64 /* UITableViewCell+CustomObject.h */ = {isa = PBXFileReference; fileEncoding = 4; lastKnownFileType = sourcecode.c.h; name = "UITableViewCell+CustomObject.h"; path = "PodContent/UITableViewCell+CustomObject.h"; sourceTree = SOURCE_ROOT; };
		970000161880754700F9BC64 /* UITableViewCell+CustomObject.m */ = {isa = PBXFileReference; fileEncoding = 4; lastKnownFileType = sourcecode.c.objc; name = "UITableViewCell+CustomObject.m"; path = "PodContent/UITableViewCell+CustomObject.m"; sourceTree = SOURCE_ROOT; };
		970000171880754700F9BC64 /* UZKCompositeDS.h */ = {isa = PBXFileReference; fileEncoding = 4; lastKnownFileType = sourcecode.c.h; name = UZKCompositeDS.h; path = PodContent/UZKCompositeDS.h; sourceTree = SOURCE_ROOT; };
		970000181880754700F9BC64 /* UZKCompositeDS.m */ = {isa = PBXFileReference; fileEncoding = 4; lastKnownFileType = sourcecode.c.objc; name = UZKCompositeDS.m; path = PodContent/UZKCompositeDS.m; sourceTree = SOURCE_ROOT; };
		970000191880754700F9BC64 /* UZKContextManager.h */ = {isa = PBXFileReference; fileEncoding = 4; lastKnownFileType = sourcecode.c.h; name = UZKContextManager.h; path = PodContent/UZKContextManager.h; sourceTree = SOURCE_ROOT; };
		9700001A1880754700F9BC64 /* UZKContextManager.m */ = {isa = PBXFileReference; fileEncoding = 4; lastKnownFileType = sourcecode.c.objc; name = UZKContextManager.m; path = PodContent/UZKContextManager.m; sourceTree = SOURCE_ROOT; };
		9700001B1880754700F9BC64 /* UZKCoreDataDS.h */ = {isa = PBXFileReference; fileEncoding = 4; lastKnownFileType = sourcecode.c.h; name = UZKCoreDataDS.h; path = PodContent/UZKCoreDataDS.h; sourceTree = SOURCE_ROOT; };
		9700001C1880754700F9BC64 /* UZKCoreDataDS.m */ = {isa = PBXFileReference; fileEncoding = 4; lastKnownFileType = sourcecode.c.objc; name = UZKCoreDataDS.m; path = PodContent/UZKCoreDataDS.m; sourceTree = SOURCE_ROOT; };
		9700001D1880754700F9BC64 /* UZKWebDS.h */ = {isa = PBXFileReference; fileEncoding = 4; lastKnownFileType = sourcecode.c.h; name = UZKWebDS.h; path = PodContent/UZKWebDS.h; sourceTree = SOURCE_ROOT; };
		9700001E1880754700F9BC64 /* UZKWebDS.m */ = {isa = PBXFileReference; fileEncoding = 4; lastKnownFileType = sourcecode.c.objc; name = UZKWebDS.m; path = PodContent/UZKWebDS.m; sourceTree = SOURCE_ROOT; };
		9700001F1880754700F9BC64 /* UZKWebDSClient.h */ = {isa = PBXFileReference; fileEncoding = 4; lastKnownFileType = sourcecode.c.h; name = UZKWebDSClient.h; path = PodContent/UZKWebDSClient.h; sourceTree = SOURCE_ROOT; };
		970000201880754700F9BC64 /* UZKWebDSLoadMoreCollectionCell.xib */ = {isa = PBXFileReference; fileEncoding = 4; lastKnownFileType = file.xib; name = UZKWebDSLoadMoreCollectionCell.xib; path = PodContent/UZKWebDSLoadMoreCollectionCell.xib; sourceTree = SOURCE_ROOT; };
		9700002818807A7400F9BC64 /* UZKDataSources.podspec */ = {isa = PBXFileReference; fileEncoding = 4; lastKnownFileType = text; path = UZKDataSources.podspec; sourceTree = SOURCE_ROOT; };
		9700FFBE18804CA100F9BC64 /* UZKDataSources.app */ = {isa = PBXFileReference; explicitFileType = wrapper.application; includeInIndex = 0; path = UZKDataSources.app; sourceTree = BUILT_PRODUCTS_DIR; };
		9700FFC118804CA100F9BC64 /* Foundation.framework */ = {isa = PBXFileReference; lastKnownFileType = wrapper.framework; name = Foundation.framework; path = System/Library/Frameworks/Foundation.framework; sourceTree = SDKROOT; };
		9700FFC318804CA100F9BC64 /* CoreGraphics.framework */ = {isa = PBXFileReference; lastKnownFileType = wrapper.framework; name = CoreGraphics.framework; path = System/Library/Frameworks/CoreGraphics.framework; sourceTree = SDKROOT; };
		9700FFC518804CA100F9BC64 /* UIKit.framework */ = {isa = PBXFileReference; lastKnownFileType = wrapper.framework; name = UIKit.framework; path = System/Library/Frameworks/UIKit.framework; sourceTree = SDKROOT; };
		9700FFC918804CA100F9BC64 /* UZKDataSources-Info.plist */ = {isa = PBXFileReference; lastKnownFileType = text.plist.xml; path = "UZKDataSources-Info.plist"; sourceTree = "<group>"; };
		9700FFCB18804CA100F9BC64 /* en */ = {isa = PBXFileReference; lastKnownFileType = text.plist.strings; name = en; path = en.lproj/InfoPlist.strings; sourceTree = "<group>"; };
		9700FFCD18804CA100F9BC64 /* main.m */ = {isa = PBXFileReference; lastKnownFileType = sourcecode.c.objc; path = main.m; sourceTree = "<group>"; };
		9700FFCF18804CA100F9BC64 /* UZKDataSources-Prefix.pch */ = {isa = PBXFileReference; lastKnownFileType = sourcecode.c.h; path = "UZKDataSources-Prefix.pch"; sourceTree = "<group>"; };
		9700FFD018804CA100F9BC64 /* UZKAppDelegate.h */ = {isa = PBXFileReference; lastKnownFileType = sourcecode.c.h; path = UZKAppDelegate.h; sourceTree = "<group>"; };
		9700FFD118804CA100F9BC64 /* UZKAppDelegate.m */ = {isa = PBXFileReference; lastKnownFileType = sourcecode.c.objc; path = UZKAppDelegate.m; sourceTree = "<group>"; };
		9700FFD418804CA100F9BC64 /* Base */ = {isa = PBXFileReference; lastKnownFileType = file.storyboard; name = Base; path = Base.lproj/Main.storyboard; sourceTree = "<group>"; };
		9700FFD618804CA100F9BC64 /* UZKViewController.h */ = {isa = PBXFileReference; lastKnownFileType = sourcecode.c.h; path = UZKViewController.h; sourceTree = "<group>"; };
		9700FFD718804CA100F9BC64 /* UZKViewController.m */ = {isa = PBXFileReference; lastKnownFileType = sourcecode.c.objc; path = UZKViewController.m; sourceTree = "<group>"; };
		9700FFD918804CA100F9BC64 /* Images.xcassets */ = {isa = PBXFileReference; lastKnownFileType = folder.assetcatalog; path = Images.xcassets; sourceTree = "<group>"; };
		9700FFDF18804CA100F9BC64 /* UZKDataSourcesTests.xctest */ = {isa = PBXFileReference; explicitFileType = wrapper.cfbundle; includeInIndex = 0; path = UZKDataSourcesTests.xctest; sourceTree = BUILT_PRODUCTS_DIR; };
		9700FFE018804CA100F9BC64 /* XCTest.framework */ = {isa = PBXFileReference; lastKnownFileType = wrapper.framework; name = XCTest.framework; path = Library/Frameworks/XCTest.framework; sourceTree = DEVELOPER_DIR; };
		9700FFE818804CA100F9BC64 /* UZKDataSourcesTests-Info.plist */ = {isa = PBXFileReference; lastKnownFileType = text.plist.xml; path = "UZKDataSourcesTests-Info.plist"; sourceTree = "<group>"; };
		9700FFEA18804CA100F9BC64 /* en */ = {isa = PBXFileReference; lastKnownFileType = text.plist.strings; name = en; path = en.lproj/InfoPlist.strings; sourceTree = "<group>"; };
		9700FFEC18804CA100F9BC64 /* UZKDataSourcesTests.m */ = {isa = PBXFileReference; lastKnownFileType = sourcecode.c.objc; path = UZKDataSourcesTests.m; sourceTree = "<group>"; };
		97AAEF94188F0379005FC7D9 /* UZKWebDSLoadMoreTableCell.xib */ = {isa = PBXFileReference; fileEncoding = 4; lastKnownFileType = file.xib; name = UZKWebDSLoadMoreTableCell.xib; path = PodContent/UZKWebDSLoadMoreTableCell.xib; sourceTree = SOURCE_ROOT; };
		97AAEF98188F03F0005FC7D9 /* UZKWebDSNoResultsTableCell.xib */ = {isa = PBXFileReference; fileEncoding = 4; lastKnownFileType = file.xib; name = UZKWebDSNoResultsTableCell.xib; path = PodContent/UZKWebDSNoResultsTableCell.xib; sourceTree = SOURCE_ROOT; };
		97AAEFA11896D556005FC7D9 /* UZKSingleSectionedWebDS.h */ = {isa = PBXFileReference; fileEncoding = 4; lastKnownFileType = sourcecode.c.h; name = UZKSingleSectionedWebDS.h; path = PodContent/UZKSingleSectionedWebDS.h; sourceTree = SOURCE_ROOT; };
		97AAEFA21896D556005FC7D9 /* UZKSingleSectionedWebDS.m */ = {isa = PBXFileReference; fileEncoding = 4; lastKnownFileType = sourcecode.c.objc; name = UZKSingleSectionedWebDS.m; path = PodContent/UZKSingleSectionedWebDS.m; sourceTree = SOURCE_ROOT; };
/* End PBXFileReference section */

/* Begin PBXFrameworksBuildPhase section */
		9700FFBB18804CA100F9BC64 /* Frameworks */ = {
			isa = PBXFrameworksBuildPhase;
			buildActionMask = 2147483647;
			files = (
				9700FFC418804CA100F9BC64 /* CoreGraphics.framework in Frameworks */,
				9700FFC618804CA100F9BC64 /* UIKit.framework in Frameworks */,
				9700FFC218804CA100F9BC64 /* Foundation.framework in Frameworks */,
			);
			runOnlyForDeploymentPostprocessing = 0;
		};
		9700FFDC18804CA100F9BC64 /* Frameworks */ = {
			isa = PBXFrameworksBuildPhase;
			buildActionMask = 2147483647;
			files = (
				9700FFE118804CA100F9BC64 /* XCTest.framework in Frameworks */,
				9700FFE318804CA100F9BC64 /* UIKit.framework in Frameworks */,
				9700FFE218804CA100F9BC64 /* Foundation.framework in Frameworks */,
			);
			runOnlyForDeploymentPostprocessing = 0;
		};
/* End PBXFrameworksBuildPhase section */

/* Begin PBXGroup section */
		9700000B18804DD400F9BC64 /* PodContent Goes Here */ = {
			isa = PBXGroup;
			children = (
				970000131880754700F9BC64 /* UICollectionViewCell+CustomObject.h */,
				970000141880754700F9BC64 /* UICollectionViewCell+CustomObject.m */,
				970000151880754700F9BC64 /* UITableViewCell+CustomObject.h */,
				970000161880754700F9BC64 /* UITableViewCell+CustomObject.m */,
				970000171880754700F9BC64 /* UZKCompositeDS.h */,
				970000181880754700F9BC64 /* UZKCompositeDS.m */,
				970000191880754700F9BC64 /* UZKContextManager.h */,
				9700001A1880754700F9BC64 /* UZKContextManager.m */,
				9700001B1880754700F9BC64 /* UZKCoreDataDS.h */,
				9700001C1880754700F9BC64 /* UZKCoreDataDS.m */,
				9700001D1880754700F9BC64 /* UZKWebDS.h */,
				9700001E1880754700F9BC64 /* UZKWebDS.m */,
				97AAEFA11896D556005FC7D9 /* UZKSingleSectionedWebDS.h */,
				97AAEFA21896D556005FC7D9 /* UZKSingleSectionedWebDS.m */,
				9700001F1880754700F9BC64 /* UZKWebDSClient.h */,
				970000201880754700F9BC64 /* UZKWebDSLoadMoreCollectionCell.xib */,
				970000111880528600F9BC64 /* UZKWebDSNoResultsCollectionCell.xib */,
				97AAEF94188F0379005FC7D9 /* UZKWebDSLoadMoreTableCell.xib */,
				97AAEF98188F03F0005FC7D9 /* UZKWebDSNoResultsTableCell.xib */,
				9700000C18804EF700F9BC64 /* UZKCollectionTextReusableView.h */,
				9700000D18804EF700F9BC64 /* UZKCollectionTextReusableView.m */,
			);
			name = "PodContent Goes Here";
			sourceTree = "<group>";
		};
		9700FFB518804CA100F9BC64 = {
			isa = PBXGroup;
			children = (
				9700FFC718804CA100F9BC64 /* UZKDataSources */,
				9700FFE618804CA100F9BC64 /* UZKDataSourcesTests */,
				9700FFC018804CA100F9BC64 /* Frameworks */,
				9700FFBF18804CA100F9BC64 /* Products */,
			);
			sourceTree = "<group>";
		};
		9700FFBF18804CA100F9BC64 /* Products */ = {
			isa = PBXGroup;
			children = (
				9700FFBE18804CA100F9BC64 /* UZKDataSources.app */,
				9700FFDF18804CA100F9BC64 /* UZKDataSourcesTests.xctest */,
			);
			name = Products;
			sourceTree = "<group>";
		};
		9700FFC018804CA100F9BC64 /* Frameworks */ = {
			isa = PBXGroup;
			children = (
				9700FFC118804CA100F9BC64 /* Foundation.framework */,
				9700FFC318804CA100F9BC64 /* CoreGraphics.framework */,
				9700FFC518804CA100F9BC64 /* UIKit.framework */,
				9700FFE018804CA100F9BC64 /* XCTest.framework */,
			);
			name = Frameworks;
			sourceTree = "<group>";
		};
		9700FFC718804CA100F9BC64 /* UZKDataSources */ = {
			isa = PBXGroup;
			children = (
				9700002818807A7400F9BC64 /* UZKDataSources.podspec */,
				9700000B18804DD400F9BC64 /* PodContent Goes Here */,
				9700FFD018804CA100F9BC64 /* UZKAppDelegate.h */,
				9700FFD118804CA100F9BC64 /* UZKAppDelegate.m */,
				9700FFD318804CA100F9BC64 /* Main.storyboard */,
				9700FFD618804CA100F9BC64 /* UZKViewController.h */,
				9700FFD718804CA100F9BC64 /* UZKViewController.m */,
				9700FFD918804CA100F9BC64 /* Images.xcassets */,
				9700FFC818804CA100F9BC64 /* Supporting Files */,
			);
			path = UZKDataSources;
			sourceTree = "<group>";
		};
		9700FFC818804CA100F9BC64 /* Supporting Files */ = {
			isa = PBXGroup;
			children = (
				9700FFC918804CA100F9BC64 /* UZKDataSources-Info.plist */,
				9700FFCA18804CA100F9BC64 /* InfoPlist.strings */,
				9700FFCD18804CA100F9BC64 /* main.m */,
				9700FFCF18804CA100F9BC64 /* UZKDataSources-Prefix.pch */,
			);
			name = "Supporting Files";
			sourceTree = "<group>";
		};
		9700FFE618804CA100F9BC64 /* UZKDataSourcesTests */ = {
			isa = PBXGroup;
			children = (
				9700FFEC18804CA100F9BC64 /* UZKDataSourcesTests.m */,
				9700FFE718804CA100F9BC64 /* Supporting Files */,
			);
			path = UZKDataSourcesTests;
			sourceTree = "<group>";
		};
		9700FFE718804CA100F9BC64 /* Supporting Files */ = {
			isa = PBXGroup;
			children = (
				9700FFE818804CA100F9BC64 /* UZKDataSourcesTests-Info.plist */,
				9700FFE918804CA100F9BC64 /* InfoPlist.strings */,
			);
			name = "Supporting Files";
			sourceTree = "<group>";
		};
/* End PBXGroup section */

/* Begin PBXNativeTarget section */
		9700FFBD18804CA100F9BC64 /* UZKDataSources */ = {
			isa = PBXNativeTarget;
			buildConfigurationList = 9700FFF018804CA100F9BC64 /* Build configuration list for PBXNativeTarget "UZKDataSources" */;
			buildPhases = (
				9700FFBA18804CA100F9BC64 /* Sources */,
				9700FFBB18804CA100F9BC64 /* Frameworks */,
				9700FFBC18804CA100F9BC64 /* Resources */,
			);
			buildRules = (
			);
			dependencies = (
			);
			name = UZKDataSources;
			productName = UZKDataSources;
			productReference = 9700FFBE18804CA100F9BC64 /* UZKDataSources.app */;
			productType = "com.apple.product-type.application";
		};
		9700FFDE18804CA100F9BC64 /* UZKDataSourcesTests */ = {
			isa = PBXNativeTarget;
			buildConfigurationList = 9700FFF318804CA100F9BC64 /* Build configuration list for PBXNativeTarget "UZKDataSourcesTests" */;
			buildPhases = (
				9700FFDB18804CA100F9BC64 /* Sources */,
				9700FFDC18804CA100F9BC64 /* Frameworks */,
				9700FFDD18804CA100F9BC64 /* Resources */,
			);
			buildRules = (
			);
			dependencies = (
				9700FFE518804CA100F9BC64 /* PBXTargetDependency */,
			);
			name = UZKDataSourcesTests;
			productName = UZKDataSourcesTests;
			productReference = 9700FFDF18804CA100F9BC64 /* UZKDataSourcesTests.xctest */;
			productType = "com.apple.product-type.bundle.unit-test";
		};
/* End PBXNativeTarget section */

/* Begin PBXProject section */
		9700FFB618804CA100F9BC64 /* Project object */ = {
			isa = PBXProject;
			attributes = {
				CLASSPREFIX = UZK;
				LastUpgradeCheck = 0500;
				ORGANIZATIONNAME = Uzaak;
				TargetAttributes = {
					9700FFDE18804CA100F9BC64 = {
						TestTargetID = 9700FFBD18804CA100F9BC64;
					};
				};
			};
			buildConfigurationList = 9700FFB918804CA100F9BC64 /* Build configuration list for PBXProject "UZKDataSources" */;
			compatibilityVersion = "Xcode 3.2";
			developmentRegion = English;
			hasScannedForEncodings = 0;
			knownRegions = (
				en,
				Base,
			);
			mainGroup = 9700FFB518804CA100F9BC64;
			productRefGroup = 9700FFBF18804CA100F9BC64 /* Products */;
			projectDirPath = "";
			projectRoot = "";
			targets = (
				9700FFBD18804CA100F9BC64 /* UZKDataSources */,
				9700FFDE18804CA100F9BC64 /* UZKDataSourcesTests */,
			);
		};
/* End PBXProject section */

/* Begin PBXResourcesBuildPhase section */
		9700FFBC18804CA100F9BC64 /* Resources */ = {
			isa = PBXResourcesBuildPhase;
			buildActionMask = 2147483647;
			files = (
				9700002918807A7400F9BC64 /* UZKDataSources.podspec in Resources */,
				970000121880528600F9BC64 /* UZKWebDSNoResultsCollectionCell.xib in Resources */,
				970000271880754700F9BC64 /* UZKWebDSLoadMoreCollectionCell.xib in Resources */,
				9700FFDA18804CA100F9BC64 /* Images.xcassets in Resources */,
				97AAEF96188F0379005FC7D9 /* UZKWebDSLoadMoreTableCell.xib in Resources */,
				97AAEF99188F03F0005FC7D9 /* UZKWebDSNoResultsTableCell.xib in Resources */,
				9700FFCC18804CA100F9BC64 /* InfoPlist.strings in Resources */,
				9700FFD518804CA100F9BC64 /* Main.storyboard in Resources */,
			);
			runOnlyForDeploymentPostprocessing = 0;
		};
		9700FFDD18804CA100F9BC64 /* Resources */ = {
			isa = PBXResourcesBuildPhase;
			buildActionMask = 2147483647;
			files = (
				9700FFEB18804CA100F9BC64 /* InfoPlist.strings in Resources */,
			);
			runOnlyForDeploymentPostprocessing = 0;
		};
/* End PBXResourcesBuildPhase section */

/* Begin PBXSourcesBuildPhase section */
		9700FFBA18804CA100F9BC64 /* Sources */ = {
			isa = PBXSourcesBuildPhase;
			buildActionMask = 2147483647;
			files = (
				970000241880754700F9BC64 /* UZKContextManager.m in Sources */,
				970000231880754700F9BC64 /* UZKCompositeDS.m in Sources */,
				9700000E18804EF700F9BC64 /* UZKCollectionTextReusableView.m in Sources */,
				9700FFD818804CA100F9BC64 /* UZKViewController.m in Sources */,
				970000261880754700F9BC64 /* UZKWebDS.m in Sources */,
				9700FFCE18804CA100F9BC64 /* main.m in Sources */,
				970000211880754700F9BC64 /* UICollectionViewCell+CustomObject.m in Sources */,
				97AAEFA31896D556005FC7D9 /* UZKSingleSectionedWebDS.m in Sources */,
				9700FFD218804CA100F9BC64 /* UZKAppDelegate.m in Sources */,
				970000251880754700F9BC64 /* UZKCoreDataDS.m in Sources */,
				970000221880754700F9BC64 /* UITableViewCell+CustomObject.m in Sources */,
			);
			runOnlyForDeploymentPostprocessing = 0;
		};
		9700FFDB18804CA100F9BC64 /* Sources */ = {
			isa = PBXSourcesBuildPhase;
			buildActionMask = 2147483647;
			files = (
				9700FFED18804CA100F9BC64 /* UZKDataSourcesTests.m in Sources */,
			);
			runOnlyForDeploymentPostprocessing = 0;
		};
/* End PBXSourcesBuildPhase section */

/* Begin PBXTargetDependency section */
		9700FFE518804CA100F9BC64 /* PBXTargetDependency */ = {
			isa = PBXTargetDependency;
			target = 9700FFBD18804CA100F9BC64 /* UZKDataSources */;
			targetProxy = 9700FFE418804CA100F9BC64 /* PBXContainerItemProxy */;
		};
/* End PBXTargetDependency section */

/* Begin PBXVariantGroup section */
		9700FFCA18804CA100F9BC64 /* InfoPlist.strings */ = {
			isa = PBXVariantGroup;
			children = (
				9700FFCB18804CA100F9BC64 /* en */,
			);
			name = InfoPlist.strings;
			sourceTree = "<group>";
		};
		9700FFD318804CA100F9BC64 /* Main.storyboard */ = {
			isa = PBXVariantGroup;
			children = (
				9700FFD418804CA100F9BC64 /* Base */,
			);
			name = Main.storyboard;
			sourceTree = "<group>";
		};
		9700FFE918804CA100F9BC64 /* InfoPlist.strings */ = {
			isa = PBXVariantGroup;
			children = (
				9700FFEA18804CA100F9BC64 /* en */,
			);
			name = InfoPlist.strings;
			sourceTree = "<group>";
		};
/* End PBXVariantGroup section */

/* Begin XCBuildConfiguration section */
		9700FFEE18804CA100F9BC64 /* Debug */ = {
			isa = XCBuildConfiguration;
			buildSettings = {
				ALWAYS_SEARCH_USER_PATHS = NO;
				ARCHS = "$(ARCHS_STANDARD_INCLUDING_64_BIT)";
				CLANG_CXX_LANGUAGE_STANDARD = "gnu++0x";
				CLANG_CXX_LIBRARY = "libc++";
				CLANG_ENABLE_MODULES = YES;
				CLANG_ENABLE_OBJC_ARC = YES;
				CLANG_WARN_BOOL_CONVERSION = YES;
				CLANG_WARN_CONSTANT_CONVERSION = YES;
				CLANG_WARN_DIRECT_OBJC_ISA_USAGE = YES_ERROR;
				CLANG_WARN_EMPTY_BODY = YES;
				CLANG_WARN_ENUM_CONVERSION = YES;
				CLANG_WARN_INT_CONVERSION = YES;
				CLANG_WARN_OBJC_ROOT_CLASS = YES_ERROR;
				CLANG_WARN__DUPLICATE_METHOD_MATCH = YES;
				"CODE_SIGN_IDENTITY[sdk=iphoneos*]" = "iPhone Developer";
				COPY_PHASE_STRIP = NO;
				GCC_C_LANGUAGE_STANDARD = gnu99;
				GCC_DYNAMIC_NO_PIC = NO;
				GCC_OPTIMIZATION_LEVEL = 0;
				GCC_PREPROCESSOR_DEFINITIONS = (
					"DEBUG=1",
					"$(inherited)",
				);
				GCC_SYMBOLS_PRIVATE_EXTERN = NO;
				GCC_WARN_64_TO_32_BIT_CONVERSION = YES;
				GCC_WARN_ABOUT_RETURN_TYPE = YES_ERROR;
				GCC_WARN_UNDECLARED_SELECTOR = YES;
				GCC_WARN_UNINITIALIZED_AUTOS = YES;
				GCC_WARN_UNUSED_FUNCTION = YES;
				GCC_WARN_UNUSED_VARIABLE = YES;
				IPHONEOS_DEPLOYMENT_TARGET = 7.0;
				ONLY_ACTIVE_ARCH = YES;
				SDKROOT = iphoneos;
			};
			name = Debug;
		};
		9700FFEF18804CA100F9BC64 /* Release */ = {
			isa = XCBuildConfiguration;
			buildSettings = {
				ALWAYS_SEARCH_USER_PATHS = NO;
				ARCHS = "$(ARCHS_STANDARD_INCLUDING_64_BIT)";
				CLANG_CXX_LANGUAGE_STANDARD = "gnu++0x";
				CLANG_CXX_LIBRARY = "libc++";
				CLANG_ENABLE_MODULES = YES;
				CLANG_ENABLE_OBJC_ARC = YES;
				CLANG_WARN_BOOL_CONVERSION = YES;
				CLANG_WARN_CONSTANT_CONVERSION = YES;
				CLANG_WARN_DIRECT_OBJC_ISA_USAGE = YES_ERROR;
				CLANG_WARN_EMPTY_BODY = YES;
				CLANG_WARN_ENUM_CONVERSION = YES;
				CLANG_WARN_INT_CONVERSION = YES;
				CLANG_WARN_OBJC_ROOT_CLASS = YES_ERROR;
				CLANG_WARN__DUPLICATE_METHOD_MATCH = YES;
				"CODE_SIGN_IDENTITY[sdk=iphoneos*]" = "iPhone Developer";
				COPY_PHASE_STRIP = YES;
				ENABLE_NS_ASSERTIONS = NO;
				GCC_C_LANGUAGE_STANDARD = gnu99;
				GCC_WARN_64_TO_32_BIT_CONVERSION = YES;
				GCC_WARN_ABOUT_RETURN_TYPE = YES_ERROR;
				GCC_WARN_UNDECLARED_SELECTOR = YES;
				GCC_WARN_UNINITIALIZED_AUTOS = YES;
				GCC_WARN_UNUSED_FUNCTION = YES;
				GCC_WARN_UNUSED_VARIABLE = YES;
				IPHONEOS_DEPLOYMENT_TARGET = 7.0;
				SDKROOT = iphoneos;
				VALIDATE_PRODUCT = YES;
			};
			name = Release;
		};
		9700FFF118804CA100F9BC64 /* Debug */ = {
			isa = XCBuildConfiguration;
			buildSettings = {
				ASSETCATALOG_COMPILER_APPICON_NAME = AppIcon;
				ASSETCATALOG_COMPILER_LAUNCHIMAGE_NAME = LaunchImage;
				GCC_PRECOMPILE_PREFIX_HEADER = YES;
				GCC_PREFIX_HEADER = "UZKDataSources/UZKDataSources-Prefix.pch";
				INFOPLIST_FILE = "UZKDataSources/UZKDataSources-Info.plist";
				PRODUCT_NAME = "$(TARGET_NAME)";
				WRAPPER_EXTENSION = app;
			};
			name = Debug;
		};
		9700FFF218804CA100F9BC64 /* Release */ = {
			isa = XCBuildConfiguration;
			buildSettings = {
				ASSETCATALOG_COMPILER_APPICON_NAME = AppIcon;
				ASSETCATALOG_COMPILER_LAUNCHIMAGE_NAME = LaunchImage;
				GCC_PRECOMPILE_PREFIX_HEADER = YES;
				GCC_PREFIX_HEADER = "UZKDataSources/UZKDataSources-Prefix.pch";
				INFOPLIST_FILE = "UZKDataSources/UZKDataSources-Info.plist";
				PRODUCT_NAME = "$(TARGET_NAME)";
				WRAPPER_EXTENSION = app;
			};
			name = Release;
		};
		9700FFF418804CA100F9BC64 /* Debug */ = {
			isa = XCBuildConfiguration;
			buildSettings = {
				ARCHS = "$(ARCHS_STANDARD_INCLUDING_64_BIT)";
				BUNDLE_LOADER = "$(BUILT_PRODUCTS_DIR)/UZKDataSources.app/UZKDataSources";
				FRAMEWORK_SEARCH_PATHS = (
					"$(SDKROOT)/Developer/Library/Frameworks",
					"$(inherited)",
					"$(DEVELOPER_FRAMEWORKS_DIR)",
				);
				GCC_PRECOMPILE_PREFIX_HEADER = YES;
				GCC_PREFIX_HEADER = "UZKDataSources/UZKDataSources-Prefix.pch";
				GCC_PREPROCESSOR_DEFINITIONS = (
					"DEBUG=1",
					"$(inherited)",
				);
				INFOPLIST_FILE = "UZKDataSourcesTests/UZKDataSourcesTests-Info.plist";
				PRODUCT_NAME = "$(TARGET_NAME)";
				TEST_HOST = "$(BUNDLE_LOADER)";
				WRAPPER_EXTENSION = xctest;
			};
			name = Debug;
		};
		9700FFF518804CA100F9BC64 /* Release */ = {
			isa = XCBuildConfiguration;
			buildSettings = {
				ARCHS = "$(ARCHS_STANDARD_INCLUDING_64_BIT)";
				BUNDLE_LOADER = "$(BUILT_PRODUCTS_DIR)/UZKDataSources.app/UZKDataSources";
				FRAMEWORK_SEARCH_PATHS = (
					"$(SDKROOT)/Developer/Library/Frameworks",
					"$(inherited)",
					"$(DEVELOPER_FRAMEWORKS_DIR)",
				);
				GCC_PRECOMPILE_PREFIX_HEADER = YES;
				GCC_PREFIX_HEADER = "UZKDataSources/UZKDataSources-Prefix.pch";
				INFOPLIST_FILE = "UZKDataSourcesTests/UZKDataSourcesTests-Info.plist";
				PRODUCT_NAME = "$(TARGET_NAME)";
				TEST_HOST = "$(BUNDLE_LOADER)";
				WRAPPER_EXTENSION = xctest;
			};
			name = Release;
		};
/* End XCBuildConfiguration section */

/* Begin XCConfigurationList section */
		9700FFB918804CA100F9BC64 /* Build configuration list for PBXProject "UZKDataSources" */ = {
			isa = XCConfigurationList;
			buildConfigurations = (
				9700FFEE18804CA100F9BC64 /* Debug */,
				9700FFEF18804CA100F9BC64 /* Release */,
			);
			defaultConfigurationIsVisible = 0;
			defaultConfigurationName = Release;
		};
		9700FFF018804CA100F9BC64 /* Build configuration list for PBXNativeTarget "UZKDataSources" */ = {
			isa = XCConfigurationList;
			buildConfigurations = (
				9700FFF118804CA100F9BC64 /* Debug */,
				9700FFF218804CA100F9BC64 /* Release */,
			);
			defaultConfigurationIsVisible = 0;
			defaultConfigurationName = Release;
		};
		9700FFF318804CA100F9BC64 /* Build configuration list for PBXNativeTarget "UZKDataSourcesTests" */ = {
			isa = XCConfigurationList;
			buildConfigurations = (
				9700FFF418804CA100F9BC64 /* Debug */,
				9700FFF518804CA100F9BC64 /* Release */,
			);
			defaultConfigurationIsVisible = 0;
			defaultConfigurationName = Release;
		};
/* End XCConfigurationList section */
	};
	rootObject = 9700FFB618804CA100F9BC64 /* Project object */;
}
